
Microsoft Visual Studio Solution File, Format Version 12.00
# Visual Studio Version 17
VisualStudioVersion = 17.11.35327.3
MinimumVisualStudioVersion = 10.0.40219.1
Project("{FAE04EC0-301F-11D3-BF4B-00C04F79EFBC}") = "Car_game", "Car_game\Car_game.csproj", "{8917EC2D-7D4F-4C54-A591-3A1D1F6737D8}"
EndProject
Global
	GlobalSection(SolutionConfigurationPlatforms) = preSolution
		Debug|Any CPU = Debug|Any CPU
		Release|Any CPU = Release|Any CPU
	EndGlobalSection
	GlobalSection(ProjectConfigurationPlatforms) = postSolution
		{8917EC2D-7D4F-4C54-A591-3A1D1F6737D8}.Debug|Any CPU.ActiveCfg = Debug|Any CPU
		{8917EC2D-7D4F-4C54-A591-3A1D1F6737D8}.Debug|Any CPU.Build.0 = Debug|Any CPU
		{8917EC2D-7D4F-4C54-A591-3A1D1F6737D8}.Release|Any CPU.ActiveCfg = Release|Any CPU
		{8917EC2D-7D4F-4C54-A591-3A1D1F6737D8}.Release|Any CPU.Build.0 = Release|Any CPU
	EndGlobalSection
	GlobalSection(SolutionProperties) = preSolution
		HideSolutionNode = FALSE
	EndGlobalSection
	GlobalSection(ExtensibilityGlobals) = postSolution
		SolutionGuid = {B249EF91-5EFD-47C0-8531-6D6ED4945A17}
	EndGlobalSection
EndGlobal
